{
  "nodes": {
    "flake-utils": {
      "locked": {
        "lastModified": 1667395993,
        "narHash": "sha256-nuEHfE/LcWyuSWnS8t12N1wc105Qtau+/OdUAjtQ0rA=",
        "owner": "numtide",
        "repo": "flake-utils",
        "rev": "5aed5285a952e0b949eb3ba02c12fa4fcfef535f",
        "type": "github"
      },
      "original": {
        "id": "flake-utils",
        "type": "indirect"
      }
    },
    "nixpkgs": {
      "locked": {
        "lastModified": 0,
        "narHash": "sha256-Ctij+dOi0ZZIfX5eMhgwugfvB+WZSrvVNAyAuANOsnQ=",
        "path": "/nix/store/m2vv0bxfchzrjngx8wi0i7dhzb9q2g50-source",
        "type": "path"
      },
      "original": {
        "id": "nixpkgs",
        "type": "indirect"
      }
    },
    "org-babel": {
      "locked": {
        "lastModified": 1669884064,
        "narHash": "sha256-Bf6APh6QItrNZN9b+C1herT1Dv3WVJPwgwMWCqxFz2k=",
        "type": "git",
        "url": "file:///home/akirakomamura/work2/foss/emacs-twist/nix-org-babel"
      },
      "original": {
        "owner": "emacs-twist",
        "repo": "org-babel",
        "type": "github"
      }
    },
    "root": {
      "inputs": {
        "flake-utils": "flake-utils",
        "nixpkgs": "nixpkgs",
        "org-babel": "org-babel"
      }
    }
  },
  "root": "root",
  "version": 7
}
